
Microsoft Visual Studio Solution File, Format Version 12.00
# Visual Studio Version 16
VisualStudioVersion = 16.0.32929.386
MinimumVisualStudioVersion = 10.0.40219.1
Project("{FAE04EC0-301F-11D3-BF4B-00C04F79EFBC}") = "Juegos", "Juegos.csproj", "{9C16D435-0F9F-4A76-83C3-1FFE3FCE5560}"
EndProject
Global
	GlobalSection(SolutionConfigurationPlatforms) = preSolution
		Debug|Any CPU = Debug|Any CPU
		Release|Any CPU = Release|Any CPU
	EndGlobalSection
	GlobalSection(ProjectConfigurationPlatforms) = postSolution
		{9C16D435-0F9F-4A76-83C3-1FFE3FCE5560}.Debug|Any CPU.ActiveCfg = Debug|Any CPU
		{9C16D435-0F9F-4A76-83C3-1FFE3FCE5560}.Debug|Any CPU.Build.0 = Debug|Any CPU
		{9C16D435-0F9F-4A76-83C3-1FFE3FCE5560}.Release|Any CPU.ActiveCfg = Release|Any CPU
		{9C16D435-0F9F-4A76-83C3-1FFE3FCE5560}.Release|Any CPU.Build.0 = Release|Any CPU
	EndGlobalSection
	GlobalSection(SolutionProperties) = preSolution
		HideSolutionNode = FALSE
	EndGlobalSection
	GlobalSection(ExtensibilityGlobals) = postSolution
		SolutionGuid = {1C78F6D1-83A5-4184-847A-EB2265C15C7C}
	EndGlobalSection
EndGlobal
